
Microsoft Visual Studio Solution File, Format Version 12.00
# Visual Studio Version 17
VisualStudioVersion = 17.9.34714.143
MinimumVisualStudioVersion = 10.0.40219.1
Project("{FAE04EC0-301F-11D3-BF4B-00C04F79EFBC}") = "Tetris", "Tetris\Tetris.csproj", "{FFD12BCE-788E-4C73-97CD-75E39D25F069}"
EndProject
Global
	GlobalSection(SolutionConfigurationPlatforms) = preSolution
		Debug|Any CPU = Debug|Any CPU
		Release|Any CPU = Release|Any CPU
	EndGlobalSection
	GlobalSection(ProjectConfigurationPlatforms) = postSolution
		{FFD12BCE-788E-4C73-97CD-75E39D25F069}.Debug|Any CPU.ActiveCfg = Debug|Any CPU
		{FFD12BCE-788E-4C73-97CD-75E39D25F069}.Debug|Any CPU.Build.0 = Debug|Any CPU
		{FFD12BCE-788E-4C73-97CD-75E39D25F069}.Release|Any CPU.ActiveCfg = Release|Any CPU
		{FFD12BCE-788E-4C73-97CD-75E39D25F069}.Release|Any CPU.Build.0 = Release|Any CPU
	EndGlobalSection
	GlobalSection(SolutionProperties) = preSolution
		HideSolutionNode = FALSE
	EndGlobalSection
	GlobalSection(ExtensibilityGlobals) = postSolution
		SolutionGuid = {53984949-1655-48F6-A8AE-08957FE0D154}
	EndGlobalSection
EndGlobal
